
Microsoft Visual Studio Solution File, Format Version 12.00
# Visual Studio Version 17
VisualStudioVersion = 17.14.36518.9 d17.14
MinimumVisualStudioVersion = 10.0.40219.1
Project("{FAE04EC0-301F-11D3-BF4B-00C04F79EFBC}") = "EMS.Client", "EMS1.Client\EMS.Client.csproj", "{0F1C1C69-1E7B-4348-9162-E1D568C66F5B}"
EndProject
Global
	GlobalSection(SolutionConfigurationPlatforms) = preSolution
		Debug|Any CPU = Debug|Any CPU
		Release|Any CPU = Release|Any CPU
	EndGlobalSection
	GlobalSection(ProjectConfigurationPlatforms) = postSolution
		{0F1C1C69-1E7B-4348-9162-E1D568C66F5B}.Debug|Any CPU.ActiveCfg = Debug|Any CPU
		{0F1C1C69-1E7B-4348-9162-E1D568C66F5B}.Debug|Any CPU.Build.0 = Debug|Any CPU
		{0F1C1C69-1E7B-4348-9162-E1D568C66F5B}.Release|Any CPU.ActiveCfg = Release|Any CPU
		{0F1C1C69-1E7B-4348-9162-E1D568C66F5B}.Release|Any CPU.Build.0 = Release|Any CPU
	EndGlobalSection
	GlobalSection(SolutionProperties) = preSolution
		HideSolutionNode = FALSE
	EndGlobalSection
	GlobalSection(ExtensibilityGlobals) = postSolution
		SolutionGuid = {8E754ABB-5ACB-487F-A94A-3993C890CBAB}
	EndGlobalSection
EndGlobal
