
Microsoft Visual Studio Solution File, Format Version 12.00
# Visual Studio Version 17
VisualStudioVersion = 17.14.36518.9 d17.14
MinimumVisualStudioVersion = 10.0.40219.1
Project("{FAE04EC0-301F-11D3-BF4B-00C04F79EFBC}") = "EMS", "ConsoleApp1\EMS.csproj", "{1745EEB9-6438-41CB-A9CD-FEB915B417DA}"
EndProject
Project("{FAE04EC0-301F-11D3-BF4B-00C04F79EFBC}") = "EMS.Client", "..\EMS.Client\EMS.Client.csproj", "{66630090-5295-4DF0-95BC-2CCF7395E2D2}"
EndProject
Project("{FAE04EC0-301F-11D3-BF4B-00C04F79EFBC}") = "EMS.Services", "EMS.Services\EMS.Services.csproj", "{EB5F15E3-A0D2-422B-9A59-63AE794AA65A}"
EndProject
Project("{FAE04EC0-301F-11D3-BF4B-00C04F79EFBC}") = "EMS.Models", "EMS.Models\EMS.Models.csproj", "{0388F423-9DB3-41E8-A96A-E3070B725BC3}"
EndProject
Project("{FAE04EC0-301F-11D3-BF4B-00C04F79EFBC}") = "EMS.DataAccess", "EMS.DataAccess\EMS.DataAccess.csproj", "{449F8C1D-205C-48A5-9AE6-F758F82D9CD5}"
EndProject
Global
	GlobalSection(SolutionConfigurationPlatforms) = preSolution
		Debug|Any CPU = Debug|Any CPU
		Release|Any CPU = Release|Any CPU
	EndGlobalSection
	GlobalSection(ProjectConfigurationPlatforms) = postSolution
		{1745EEB9-6438-41CB-A9CD-FEB915B417DA}.Debug|Any CPU.ActiveCfg = Debug|Any CPU
		{1745EEB9-6438-41CB-A9CD-FEB915B417DA}.Debug|Any CPU.Build.0 = Debug|Any CPU
		{1745EEB9-6438-41CB-A9CD-FEB915B417DA}.Release|Any CPU.ActiveCfg = Release|Any CPU
		{1745EEB9-6438-41CB-A9CD-FEB915B417DA}.Release|Any CPU.Build.0 = Release|Any CPU
		{66630090-5295-4DF0-95BC-2CCF7395E2D2}.Debug|Any CPU.ActiveCfg = Debug|Any CPU
		{66630090-5295-4DF0-95BC-2CCF7395E2D2}.Debug|Any CPU.Build.0 = Debug|Any CPU
		{66630090-5295-4DF0-95BC-2CCF7395E2D2}.Release|Any CPU.ActiveCfg = Release|Any CPU
		{66630090-5295-4DF0-95BC-2CCF7395E2D2}.Release|Any CPU.Build.0 = Release|Any CPU
		{EB5F15E3-A0D2-422B-9A59-63AE794AA65A}.Debug|Any CPU.ActiveCfg = Debug|Any CPU
		{EB5F15E3-A0D2-422B-9A59-63AE794AA65A}.Debug|Any CPU.Build.0 = Debug|Any CPU
		{EB5F15E3-A0D2-422B-9A59-63AE794AA65A}.Release|Any CPU.ActiveCfg = Release|Any CPU
		{EB5F15E3-A0D2-422B-9A59-63AE794AA65A}.Release|Any CPU.Build.0 = Release|Any CPU
		{0388F423-9DB3-41E8-A96A-E3070B725BC3}.Debug|Any CPU.ActiveCfg = Debug|Any CPU
		{0388F423-9DB3-41E8-A96A-E3070B725BC3}.Debug|Any CPU.Build.0 = Debug|Any CPU
		{0388F423-9DB3-41E8-A96A-E3070B725BC3}.Release|Any CPU.ActiveCfg = Release|Any CPU
		{0388F423-9DB3-41E8-A96A-E3070B725BC3}.Release|Any CPU.Build.0 = Release|Any CPU
		{449F8C1D-205C-48A5-9AE6-F758F82D9CD5}.Debug|Any CPU.ActiveCfg = Debug|Any CPU
		{449F8C1D-205C-48A5-9AE6-F758F82D9CD5}.Debug|Any CPU.Build.0 = Debug|Any CPU
		{449F8C1D-205C-48A5-9AE6-F758F82D9CD5}.Release|Any CPU.ActiveCfg = Release|Any CPU
		{449F8C1D-205C-48A5-9AE6-F758F82D9CD5}.Release|Any CPU.Build.0 = Release|Any CPU
	EndGlobalSection
	GlobalSection(SolutionProperties) = preSolution
		HideSolutionNode = FALSE
	EndGlobalSection
	GlobalSection(ExtensibilityGlobals) = postSolution
		SolutionGuid = {A7AD12D9-462A-4F17-A1A7-EF81F8039260}
	EndGlobalSection
EndGlobal
