
Microsoft Visual Studio Solution File, Format Version 12.00
# Visual Studio Version 17
VisualStudioVersion = 17.14.36119.2 d17.14
MinimumVisualStudioVersion = 10.0.40219.1
Project("{FAE04EC0-301F-11D3-BF4B-00C04F79EFBC}") = "EMS", "EMS\EMS.csproj", "{339BF50F-BB88-4A57-94B5-A908E52D2DDA}"
EndProject
Project("{FAE04EC0-301F-11D3-BF4B-00C04F79EFBC}") = "EMS.client", "EMS.client\EMS.client.csproj", "{B41FC45D-696F-4C7B-B33C-1E5463381158}"
EndProject
Project("{FAE04EC0-301F-11D3-BF4B-00C04F79EFBC}") = "EMS.DataAccess", "EMS.DataAccess\EMS.DataAccess.csproj", "{77DEFA3B-63A6-41FE-8DCD-DCC50DC9580E}"
EndProject
Project("{FAE04EC0-301F-11D3-BF4B-00C04F79EFBC}") = "EMS.Models", "EMS.Models\EMS.Models.csproj", "{8E9FCE50-E08C-4D1B-ACA0-A1B6188ACE14}"
EndProject
Project("{FAE04EC0-301F-11D3-BF4B-00C04F79EFBC}") = "EMS.Services", "EMS.Services\EMS.Services.csproj", "{79ACDD76-F44C-4CF2-B24C-E8535D41362E}"
EndProject
Global
	GlobalSection(SolutionConfigurationPlatforms) = preSolution
		Debug|Any CPU = Debug|Any CPU
		Release|Any CPU = Release|Any CPU
	EndGlobalSection
	GlobalSection(ProjectConfigurationPlatforms) = postSolution
		{339BF50F-BB88-4A57-94B5-A908E52D2DDA}.Debug|Any CPU.ActiveCfg = Debug|Any CPU
		{339BF50F-BB88-4A57-94B5-A908E52D2DDA}.Debug|Any CPU.Build.0 = Debug|Any CPU
		{339BF50F-BB88-4A57-94B5-A908E52D2DDA}.Release|Any CPU.ActiveCfg = Release|Any CPU
		{339BF50F-BB88-4A57-94B5-A908E52D2DDA}.Release|Any CPU.Build.0 = Release|Any CPU
		{B41FC45D-696F-4C7B-B33C-1E5463381158}.Debug|Any CPU.ActiveCfg = Debug|Any CPU
		{B41FC45D-696F-4C7B-B33C-1E5463381158}.Debug|Any CPU.Build.0 = Debug|Any CPU
		{B41FC45D-696F-4C7B-B33C-1E5463381158}.Release|Any CPU.ActiveCfg = Release|Any CPU
		{B41FC45D-696F-4C7B-B33C-1E5463381158}.Release|Any CPU.Build.0 = Release|Any CPU
		{77DEFA3B-63A6-41FE-8DCD-DCC50DC9580E}.Debug|Any CPU.ActiveCfg = Debug|Any CPU
		{77DEFA3B-63A6-41FE-8DCD-DCC50DC9580E}.Debug|Any CPU.Build.0 = Debug|Any CPU
		{77DEFA3B-63A6-41FE-8DCD-DCC50DC9580E}.Release|Any CPU.ActiveCfg = Release|Any CPU
		{77DEFA3B-63A6-41FE-8DCD-DCC50DC9580E}.Release|Any CPU.Build.0 = Release|Any CPU
		{8E9FCE50-E08C-4D1B-ACA0-A1B6188ACE14}.Debug|Any CPU.ActiveCfg = Debug|Any CPU
		{8E9FCE50-E08C-4D1B-ACA0-A1B6188ACE14}.Debug|Any CPU.Build.0 = Debug|Any CPU
		{8E9FCE50-E08C-4D1B-ACA0-A1B6188ACE14}.Release|Any CPU.ActiveCfg = Release|Any CPU
		{8E9FCE50-E08C-4D1B-ACA0-A1B6188ACE14}.Release|Any CPU.Build.0 = Release|Any CPU
		{79ACDD76-F44C-4CF2-B24C-E8535D41362E}.Debug|Any CPU.ActiveCfg = Debug|Any CPU
		{79ACDD76-F44C-4CF2-B24C-E8535D41362E}.Debug|Any CPU.Build.0 = Debug|Any CPU
		{79ACDD76-F44C-4CF2-B24C-E8535D41362E}.Release|Any CPU.ActiveCfg = Release|Any CPU
		{79ACDD76-F44C-4CF2-B24C-E8535D41362E}.Release|Any CPU.Build.0 = Release|Any CPU
	EndGlobalSection
	GlobalSection(SolutionProperties) = preSolution
		HideSolutionNode = FALSE
	EndGlobalSection
	GlobalSection(ExtensibilityGlobals) = postSolution
		SolutionGuid = {F4EE8277-1B5A-4AE6-8F48-13AE023D6321}
	EndGlobalSection
EndGlobal
