
Microsoft Visual Studio Solution File, Format Version 12.00
# Visual Studio Version 17
VisualStudioVersion = 17.13.35931.197
MinimumVisualStudioVersion = 10.0.40219.1
Project("{FAE04EC0-301F-11D3-BF4B-00C04F79EFBC}") = "EMS.Model", "EMS.Model\EMS.Model.csproj", "{CBADFB68-6E2F-4545-85AA-618861AAB0C8}"
EndProject
Project("{FAE04EC0-301F-11D3-BF4B-00C04F79EFBC}") = "EMS.Client", "EMS.Client\EMS.Client.csproj", "{DD3AC552-F57D-4373-B4DF-47377672EA45}"
EndProject
Project("{FAE04EC0-301F-11D3-BF4B-00C04F79EFBC}") = "EMS.DataAccess", "EMS.DataAccess\EMS.DataAccess.csproj", "{43BD7302-2B1C-4173-9893-0CE8B4493AA5}"
EndProject
Project("{FAE04EC0-301F-11D3-BF4B-00C04F79EFBC}") = "EMS.Services", "EMS.Services\EMS.Services.csproj", "{C2275F40-E555-47D1-82BE-BF25D0BCF555}"
EndProject
Global
	GlobalSection(SolutionConfigurationPlatforms) = preSolution
		Debug|Any CPU = Debug|Any CPU
		Release|Any CPU = Release|Any CPU
	EndGlobalSection
	GlobalSection(ProjectConfigurationPlatforms) = postSolution
		{CBADFB68-6E2F-4545-85AA-618861AAB0C8}.Debug|Any CPU.ActiveCfg = Debug|Any CPU
		{CBADFB68-6E2F-4545-85AA-618861AAB0C8}.Debug|Any CPU.Build.0 = Debug|Any CPU
		{CBADFB68-6E2F-4545-85AA-618861AAB0C8}.Release|Any CPU.ActiveCfg = Release|Any CPU
		{CBADFB68-6E2F-4545-85AA-618861AAB0C8}.Release|Any CPU.Build.0 = Release|Any CPU
		{DD3AC552-F57D-4373-B4DF-47377672EA45}.Debug|Any CPU.ActiveCfg = Debug|Any CPU
		{DD3AC552-F57D-4373-B4DF-47377672EA45}.Debug|Any CPU.Build.0 = Debug|Any CPU
		{DD3AC552-F57D-4373-B4DF-47377672EA45}.Release|Any CPU.ActiveCfg = Release|Any CPU
		{DD3AC552-F57D-4373-B4DF-47377672EA45}.Release|Any CPU.Build.0 = Release|Any CPU
		{43BD7302-2B1C-4173-9893-0CE8B4493AA5}.Debug|Any CPU.ActiveCfg = Debug|Any CPU
		{43BD7302-2B1C-4173-9893-0CE8B4493AA5}.Debug|Any CPU.Build.0 = Debug|Any CPU
		{43BD7302-2B1C-4173-9893-0CE8B4493AA5}.Release|Any CPU.ActiveCfg = Release|Any CPU
		{43BD7302-2B1C-4173-9893-0CE8B4493AA5}.Release|Any CPU.Build.0 = Release|Any CPU
		{C2275F40-E555-47D1-82BE-BF25D0BCF555}.Debug|Any CPU.ActiveCfg = Debug|Any CPU
		{C2275F40-E555-47D1-82BE-BF25D0BCF555}.Debug|Any CPU.Build.0 = Debug|Any CPU
		{C2275F40-E555-47D1-82BE-BF25D0BCF555}.Release|Any CPU.ActiveCfg = Release|Any CPU
		{C2275F40-E555-47D1-82BE-BF25D0BCF555}.Release|Any CPU.Build.0 = Release|Any CPU
	EndGlobalSection
	GlobalSection(SolutionProperties) = preSolution
		HideSolutionNode = FALSE
	EndGlobalSection
	GlobalSection(ExtensibilityGlobals) = postSolution
		SolutionGuid = {90E2D363-5AD2-4352-94B9-20274AB77398}
	EndGlobalSection
EndGlobal
